// !$*UTF8*$!
{
	archiveVersion = 1;
	classes = {
	};
	objectVersion = 56;
	objects = {

/* Begin PBXBuildFile section */
		EED0A79A2A55FFFF00B31622 /* HikeApp.swift in Sources */ = {isa = PBXBuildFile; fileRef = EED0A7992A55FFFF00B31622 /* HikeApp.swift */; };
		EED0A79C2A55FFFF00B31622 /* ContentView.swift in Sources */ = {isa = PBXBuildFile; fileRef = EED0A79B2A55FFFF00B31622 /* ContentView.swift */; };
		EED0A79E2A56000000B31622 /* Assets.xcassets in Resources */ = {isa = PBXBuildFile; fileRef = EED0A79D2A56000000B31622 /* Assets.xcassets */; };
		EED0A7A12A56000000B31622 /* Preview Assets.xcassets in Resources */ = {isa = PBXBuildFile; fileRef = EED0A7A02A56000000B31622 /* Preview Assets.xcassets */; };
		EED0A7A82A5600BC00B31622 /* CardView.swift in Sources */ = {isa = PBXBuildFile; fileRef = EED0A7A72A5600BC00B31622 /* CardView.swift */; };
		EED0A7AA2A5601A900B31622 /* CustomBackgroundView.swift in Sources */ = {isa = PBXBuildFile; fileRef = EED0A7A92A5601A900B31622 /* CustomBackgroundView.swift */; };
		EED0A7AE2A56048100B31622 /* CustomButtonView.swift in Sources */ = {isa = PBXBuildFile; fileRef = EED0A7AD2A56048100B31622 /* CustomButtonView.swift */; };
		EED0A7B02A56078C00B31622 /* GradientButtonStyle.swift in Sources */ = {isa = PBXBuildFile; fileRef = EED0A7AF2A56078C00B31622 /* GradientButtonStyle.swift */; };
		EED0A7B22A560A0200B31622 /* CustomCircleView.swift in Sources */ = {isa = PBXBuildFile; fileRef = EED0A7B12A560A0200B31622 /* CustomCircleView.swift */; };
		EED0A7B42A560B1500B31622 /* MotionAnimationView.swift in Sources */ = {isa = PBXBuildFile; fileRef = EED0A7B32A560B1500B31622 /* MotionAnimationView.swift */; };
		EED0A7B62A560E5600B31622 /* SettingsView.swift in Sources */ = {isa = PBXBuildFile; fileRef = EED0A7B52A560E5600B31622 /* SettingsView.swift */; };
		EED0A7B82A56130600B31622 /* CustomListView.swift in Sources */ = {isa = PBXBuildFile; fileRef = EED0A7B72A56130600B31622 /* CustomListView.swift */; };
/* End PBXBuildFile section */

/* Begin PBXFileReference section */
		EED0A7962A55FFFF00B31622 /* Hike.app */ = {isa = PBXFileReference; explicitFileType = wrapper.application; includeInIndex = 0; path = Hike.app; sourceTree = BUILT_PRODUCTS_DIR; };
		EED0A7992A55FFFF00B31622 /* HikeApp.swift */ = {isa = PBXFileReference; lastKnownFileType = sourcecode.swift; path = HikeApp.swift; sourceTree = "<group>"; };
		EED0A79B2A55FFFF00B31622 /* ContentView.swift */ = {isa = PBXFileReference; lastKnownFileType = sourcecode.swift; path = ContentView.swift; sourceTree = "<group>"; };
		EED0A79D2A56000000B31622 /* Assets.xcassets */ = {isa = PBXFileReference; lastKnownFileType = folder.assetcatalog; path = Assets.xcassets; sourceTree = "<group>"; };
		EED0A7A02A56000000B31622 /* Preview Assets.xcassets */ = {isa = PBXFileReference; lastKnownFileType = folder.assetcatalog; path = "Preview Assets.xcassets"; sourceTree = "<group>"; };
		EED0A7A72A5600BC00B31622 /* CardView.swift */ = {isa = PBXFileReference; lastKnownFileType = sourcecode.swift; path = CardView.swift; sourceTree = "<group>"; };
		EED0A7A92A5601A900B31622 /* CustomBackgroundView.swift */ = {isa = PBXFileReference; lastKnownFileType = sourcecode.swift; path = CustomBackgroundView.swift; sourceTree = "<group>"; };
		EED0A7AD2A56048100B31622 /* CustomButtonView.swift */ = {isa = PBXFileReference; lastKnownFileType = sourcecode.swift; path = CustomButtonView.swift; sourceTree = "<group>"; };
		EED0A7AF2A56078C00B31622 /* GradientButtonStyle.swift */ = {isa = PBXFileReference; lastKnownFileType = sourcecode.swift; path = GradientButtonStyle.swift; sourceTree = "<group>"; };
		EED0A7B12A560A0200B31622 /* CustomCircleView.swift */ = {isa = PBXFileReference; lastKnownFileType = sourcecode.swift; path = CustomCircleView.swift; sourceTree = "<group>"; };
		EED0A7B32A560B1500B31622 /* MotionAnimationView.swift */ = {isa = PBXFileReference; lastKnownFileType = sourcecode.swift; path = MotionAnimationView.swift; sourceTree = "<group>"; };
		EED0A7B52A560E5600B31622 /* SettingsView.swift */ = {isa = PBXFileReference; lastKnownFileType = sourcecode.swift; path = SettingsView.swift; sourceTree = "<group>"; };
		EED0A7B72A56130600B31622 /* CustomListView.swift */ = {isa = PBXFileReference; lastKnownFileType = sourcecode.swift; path = CustomListView.swift; sourceTree = "<group>"; };
/* End PBXFileReference section */

/* Begin PBXFrameworksBuildPhase section */
		EED0A7932A55FFFF00B31622 /* Frameworks */ = {
			isa = PBXFrameworksBuildPhase;
			buildActionMask = 2147483647;
			files = (
			);
			runOnlyForDeploymentPostprocessing = 0;
		};
/* End PBXFrameworksBuildPhase section */

/* Begin PBXGroup section */
		EED0A78D2A55FFFF00B31622 = {
			isa = PBXGroup;
			children = (
				EED0A7982A55FFFF00B31622 /* Hike */,
				EED0A7972A55FFFF00B31622 /* Products */,
			);
			sourceTree = "<group>";
		};
		EED0A7972A55FFFF00B31622 /* Products */ = {
			isa = PBXGroup;
			children = (
				EED0A7962A55FFFF00B31622 /* Hike.app */,
			);
			name = Products;
			sourceTree = "<group>";
		};
		EED0A7982A55FFFF00B31622 /* Hike */ = {
			isa = PBXGroup;
			children = (
				EED0A7992A55FFFF00B31622 /* HikeApp.swift */,
				EED0A79B2A55FFFF00B31622 /* ContentView.swift */,
				EED0A7A72A5600BC00B31622 /* CardView.swift */,
				EED0A7B52A560E5600B31622 /* SettingsView.swift */,
				EED0A7B72A56130600B31622 /* CustomListView.swift */,
				EED0A7B32A560B1500B31622 /* MotionAnimationView.swift */,
				EED0A7B12A560A0200B31622 /* CustomCircleView.swift */,
				EED0A7AF2A56078C00B31622 /* GradientButtonStyle.swift */,
				EED0A7AD2A56048100B31622 /* CustomButtonView.swift */,
				EED0A7A92A5601A900B31622 /* CustomBackgroundView.swift */,
				EED0A79D2A56000000B31622 /* Assets.xcassets */,
				EED0A79F2A56000000B31622 /* Preview Content */,
			);
			path = Hike;
			sourceTree = "<group>";
		};
		EED0A79F2A56000000B31622 /* Preview Content */ = {
			isa = PBXGroup;
			children = (
				EED0A7A02A56000000B31622 /* Preview Assets.xcassets */,
			);
			path = "Preview Content";
			sourceTree = "<group>";
		};
/* End PBXGroup section */

/* Begin PBXNativeTarget section */
		EED0A7952A55FFFF00B31622 /* Hike */ = {
			isa = PBXNativeTarget;
			buildConfigurationList = EED0A7A42A56000000B31622 /* Build configuration list for PBXNativeTarget "Hike" */;
			buildPhases = (
				EED0A7922A55FFFF00B31622 /* Sources */,
				EED0A7932A55FFFF00B31622 /* Frameworks */,
				EED0A7942A55FFFF00B31622 /* Resources */,
			);
			buildRules = (
			);
			dependencies = (
			);
			name = Hike;
			productName = Hike;
			productReference = EED0A7962A55FFFF00B31622 /* Hike.app */;
			productType = "com.apple.product-type.application";
		};
/* End PBXNativeTarget section */

/* Begin PBXProject section */
		EED0A78E2A55FFFF00B31622 /* Project object */ = {
			isa = PBXProject;
			attributes = {
				BuildIndependentTargetsInParallel = 1;
				LastSwiftUpdateCheck = 1500;
				LastUpgradeCheck = 1500;
				TargetAttributes = {
					EED0A7952A55FFFF00B31622 = {
						CreatedOnToolsVersion = 15.0;
					};
				};
			};
			buildConfigurationList = EED0A7912A55FFFF00B31622 /* Build configuration list for PBXProject "Hike" */;
			compatibilityVersion = "Xcode 14.0";
			developmentRegion = en;
			hasScannedForEncodings = 0;
			knownRegions = (
				en,
				Base,
			);
			mainGroup = EED0A78D2A55FFFF00B31622;
			productRefGroup = EED0A7972A55FFFF00B31622 /* Products */;
			projectDirPath = "";
			projectRoot = "";
			targets = (
				EED0A7952A55FFFF00B31622 /* Hike */,
			);
		};
/* End PBXProject section */

/* Begin PBXResourcesBuildPhase section */
		EED0A7942A55FFFF00B31622 /* Resources */ = {
			isa = PBXResourcesBuildPhase;
			buildActionMask = 2147483647;
			files = (
				EED0A7A12A56000000B31622 /* Preview Assets.xcassets in Resources */,
				EED0A79E2A56000000B31622 /* Assets.xcassets in Resources */,
			);
			runOnlyForDeploymentPostprocessing = 0;
		};
/* End PBXResourcesBuildPhase section */

/* Begin PBXSourcesBuildPhase section */
		EED0A7922A55FFFF00B31622 /* Sources */ = {
			isa = PBXSourcesBuildPhase;
			buildActionMask = 2147483647;
			files = (
				EED0A7AE2A56048100B31622 /* CustomButtonView.swift in Sources */,
				EED0A79C2A55FFFF00B31622 /* ContentView.swift in Sources */,
				EED0A7A82A5600BC00B31622 /* CardView.swift in Sources */,
				EED0A7B62A560E5600B31622 /* SettingsView.swift in Sources */,
				EED0A7B22A560A0200B31622 /* CustomCircleView.swift in Sources */,
				EED0A7B02A56078C00B31622 /* GradientButtonStyle.swift in Sources */,
				EED0A7B42A560B1500B31622 /* MotionAnimationView.swift in Sources */,
				EED0A79A2A55FFFF00B31622 /* HikeApp.swift in Sources */,
				EED0A7AA2A5601A900B31622 /* CustomBackgroundView.swift in Sources */,
				EED0A7B82A56130600B31622 /* CustomListView.swift in Sources */,
			);
			runOnlyForDeploymentPostprocessing = 0;
		};
/* End PBXSourcesBuildPhase section */

/* Begin XCBuildConfiguration section */
		EED0A7A22A56000000B31622 /* Debug */ = {
			isa = XCBuildConfiguration;
			buildSettings = {
				ALWAYS_SEARCH_USER_PATHS = NO;
				ASSETCATALOG_COMPILER_GENERATE_SWIFT_ASSET_SYMBOL_EXTENSIONS = YES;
				CLANG_ANALYZER_NONNULL = YES;
				CLANG_ANALYZER_NUMBER_OBJECT_CONVERSION = YES_AGGRESSIVE;
				CLANG_CXX_LANGUAGE_STANDARD = "gnu++20";
				CLANG_ENABLE_MODULES = YES;
				CLANG_ENABLE_OBJC_ARC = YES;
				CLANG_ENABLE_OBJC_WEAK = YES;
				CLANG_WARN_BLOCK_CAPTURE_AUTORELEASING = YES;
				CLANG_WARN_BOOL_CONVERSION = YES;
				CLANG_WARN_COMMA = YES;
				CLANG_WARN_CONSTANT_CONVERSION = YES;
				CLANG_WARN_DEPRECATED_OBJC_IMPLEMENTATIONS = YES;
				CLANG_WARN_DIRECT_OBJC_ISA_USAGE = YES_ERROR;
				CLANG_WARN_DOCUMENTATION_COMMENTS = YES;
				CLANG_WARN_EMPTY_BODY = YES;
				CLANG_WARN_ENUM_CONVERSION = YES;
				CLANG_WARN_INFINITE_RECURSION = YES;
				CLANG_WARN_INT_CONVERSION = YES;
				CLANG_WARN_NON_LITERAL_NULL_CONVERSION = YES;
				CLANG_WARN_OBJC_IMPLICIT_RETAIN_SELF = YES;
				CLANG_WARN_OBJC_LITERAL_CONVERSION = YES;
				CLANG_WARN_OBJC_ROOT_CLASS = YES_ERROR;
				CLANG_WARN_QUOTED_INCLUDE_IN_FRAMEWORK_HEADER = YES;
				CLANG_WARN_RANGE_LOOP_ANALYSIS = YES;
				CLANG_WARN_STRICT_PROTOTYPES = YES;
				CLANG_WARN_SUSPICIOUS_MOVE = YES;
				CLANG_WARN_UNGUARDED_AVAILABILITY = YES_AGGRESSIVE;
				CLANG_WARN_UNREACHABLE_CODE = YES;
				CLANG_WARN__DUPLICATE_METHOD_MATCH = YES;
				COPY_PHASE_STRIP = NO;
				DEBUG_INFORMATION_FORMAT = dwarf;
				ENABLE_STRICT_OBJC_MSGSEND = YES;
				ENABLE_TESTABILITY = YES;
				ENABLE_USER_SCRIPT_SANDBOXING = YES;
				GCC_C_LANGUAGE_STANDARD = gnu17;
				GCC_DYNAMIC_NO_PIC = NO;
				GCC_NO_COMMON_BLOCKS = YES;
				GCC_OPTIMIZATION_LEVEL = 0;
				GCC_PREPROCESSOR_DEFINITIONS = (
					"DEBUG=1",
					"$(inherited)",
				);
				GCC_WARN_64_TO_32_BIT_CONVERSION = YES;
				GCC_WARN_ABOUT_RETURN_TYPE = YES_ERROR;
				GCC_WARN_UNDECLARED_SELECTOR = YES;
				GCC_WARN_UNINITIALIZED_AUTOS = YES_AGGRESSIVE;
				GCC_WARN_UNUSED_FUNCTION = YES;
				GCC_WARN_UNUSED_VARIABLE = YES;
				IPHONEOS_DEPLOYMENT_TARGET = 17.0;
				LOCALIZATION_PREFERS_STRING_CATALOGS = YES;
				MTL_ENABLE_DEBUG_INFO = INCLUDE_SOURCE;
				MTL_FAST_MATH = YES;
				ONLY_ACTIVE_ARCH = YES;
				SDKROOT = iphoneos;
				SWIFT_ACTIVE_COMPILATION_CONDITIONS = "DEBUG $(inherited)";
				SWIFT_OPTIMIZATION_LEVEL = "-Onone";
			};
			name = Debug;
		};
		EED0A7A32A56000000B31622 /* Release */ = {
			isa = XCBuildConfiguration;
			buildSettings = {
				ALWAYS_SEARCH_USER_PATHS = NO;
				ASSETCATALOG_COMPILER_GENERATE_SWIFT_ASSET_SYMBOL_EXTENSIONS = YES;
				CLANG_ANALYZER_NONNULL = YES;
				CLANG_ANALYZER_NUMBER_OBJECT_CONVERSION = YES_AGGRESSIVE;
				CLANG_CXX_LANGUAGE_STANDARD = "gnu++20";
				CLANG_ENABLE_MODULES = YES;
				CLANG_ENABLE_OBJC_ARC = YES;
				CLANG_ENABLE_OBJC_WEAK = YES;
				CLANG_WARN_BLOCK_CAPTURE_AUTORELEASING = YES;
				CLANG_WARN_BOOL_CONVERSION = YES;
				CLANG_WARN_COMMA = YES;
				CLANG_WARN_CONSTANT_CONVERSION = YES;
				CLANG_WARN_DEPRECATED_OBJC_IMPLEMENTATIONS = YES;
				CLANG_WARN_DIRECT_OBJC_ISA_USAGE = YES_ERROR;
				CLANG_WARN_DOCUMENTATION_COMMENTS = YES;
				CLANG_WARN_EMPTY_BODY = YES;
				CLANG_WARN_ENUM_CONVERSION = YES;
				CLANG_WARN_INFINITE_RECURSION = YES;
				CLANG_WARN_INT_CONVERSION = YES;
				CLANG_WARN_NON_LITERAL_NULL_CONVERSION = YES;
				CLANG_WARN_OBJC_IMPLICIT_RETAIN_SELF = YES;
				CLANG_WARN_OBJC_LITERAL_CONVERSION = YES;
				CLANG_WARN_OBJC_ROOT_CLASS = YES_ERROR;
				CLANG_WARN_QUOTED_INCLUDE_IN_FRAMEWORK_HEADER = YES;
				CLANG_WARN_RANGE_LOOP_ANALYSIS = YES;
				CLANG_WARN_STRICT_PROTOTYPES = YES;
				CLANG_WARN_SUSPICIOUS_MOVE = YES;
				CLANG_WARN_UNGUARDED_AVAILABILITY = YES_AGGRESSIVE;
				CLANG_WARN_UNREACHABLE_CODE = YES;
				CLANG_WARN__DUPLICATE_METHOD_MATCH = YES;
				COPY_PHASE_STRIP = NO;
				DEBUG_INFORMATION_FORMAT = "dwarf-with-dsym";
				ENABLE_NS_ASSERTIONS = NO;
				ENABLE_STRICT_OBJC_MSGSEND = YES;
				ENABLE_USER_SCRIPT_SANDBOXING = YES;
				GCC_C_LANGUAGE_STANDARD = gnu17;
				GCC_NO_COMMON_BLOCKS = YES;
				GCC_WARN_64_TO_32_BIT_CONVERSION = YES;
				GCC_WARN_ABOUT_RETURN_TYPE = YES_ERROR;
				GCC_WARN_UNDECLARED_SELECTOR = YES;
				GCC_WARN_UNINITIALIZED_AUTOS = YES_AGGRESSIVE;
				GCC_WARN_UNUSED_FUNCTION = YES;
				GCC_WARN_UNUSED_VARIABLE = YES;
				IPHONEOS_DEPLOYMENT_TARGET = 17.0;
				LOCALIZATION_PREFERS_STRING_CATALOGS = YES;
				MTL_ENABLE_DEBUG_INFO = NO;
				MTL_FAST_MATH = YES;
				SDKROOT = iphoneos;
				SWIFT_COMPILATION_MODE = wholemodule;
				VALIDATE_PRODUCT = YES;
			};
			name = Release;
		};
		EED0A7A52A56000000B31622 /* Debug */ = {
			isa = XCBuildConfiguration;
			buildSettings = {
				ASSETCATALOG_COMPILER_APPICON_NAME = AppIcon;
				ASSETCATALOG_COMPILER_GLOBAL_ACCENT_COLOR_NAME = AccentColor;
				CODE_SIGN_STYLE = Automatic;
				CURRENT_PROJECT_VERSION = 1;
				DEVELOPMENT_ASSET_PATHS = "\"Hike/Preview Content\"";
				DEVELOPMENT_TEAM = DM99567GG6;
				ENABLE_PREVIEWS = YES;
				GENERATE_INFOPLIST_FILE = YES;
				INFOPLIST_KEY_UIApplicationSceneManifest_Generation = YES;
				INFOPLIST_KEY_UIApplicationSupportsIndirectInputEvents = YES;
				INFOPLIST_KEY_UILaunchScreen_Generation = YES;
				INFOPLIST_KEY_UISupportedInterfaceOrientations_iPad = "UIInterfaceOrientationPortrait UIInterfaceOrientationPortraitUpsideDown UIInterfaceOrientationLandscapeLeft UIInterfaceOrientationLandscapeRight";
				INFOPLIST_KEY_UISupportedInterfaceOrientations_iPhone = "UIInterfaceOrientationPortrait UIInterfaceOrientationLandscapeLeft UIInterfaceOrientationLandscapeRight";
				LD_RUNPATH_SEARCH_PATHS = (
					"$(inherited)",
					"@executable_path/Frameworks",
				);
				MARKETING_VERSION = 1.0;
				PRODUCT_BUNDLE_IDENTIFIER = com.bisckoot.Hike;
				PRODUCT_NAME = "$(TARGET_NAME)";
				SWIFT_EMIT_LOC_STRINGS = YES;
				SWIFT_VERSION = 5.0;
				TARGETED_DEVICE_FAMILY = "1,2";
			};
			name = Debug;
		};
		EED0A7A62A56000000B31622 /* Release */ = {
			isa = XCBuildConfiguration;
			buildSettings = {
				ASSETCATALOG_COMPILER_APPICON_NAME = AppIcon;
				ASSETCATALOG_COMPILER_GLOBAL_ACCENT_COLOR_NAME = AccentColor;
				CODE_SIGN_STYLE = Automatic;
				CURRENT_PROJECT_VERSION = 1;
				DEVELOPMENT_ASSET_PATHS = "\"Hike/Preview Content\"";
				DEVELOPMENT_TEAM = DM99567GG6;
				ENABLE_PREVIEWS = YES;
				GENERATE_INFOPLIST_FILE = YES;
				INFOPLIST_KEY_UIApplicationSceneManifest_Generation = YES;
				INFOPLIST_KEY_UIApplicationSupportsIndirectInputEvents = YES;
				INFOPLIST_KEY_UILaunchScreen_Generation = YES;
				INFOPLIST_KEY_UISupportedInterfaceOrientations_iPad = "UIInterfaceOrientationPortrait UIInterfaceOrientationPortraitUpsideDown UIInterfaceOrientationLandscapeLeft UIInterfaceOrientationLandscapeRight";
				INFOPLIST_KEY_UISupportedInterfaceOrientations_iPhone = "UIInterfaceOrientationPortrait UIInterfaceOrientationLandscapeLeft UIInterfaceOrientationLandscapeRight";
				LD_RUNPATH_SEARCH_PATHS = (
					"$(inherited)",
					"@executable_path/Frameworks",
				);
				MARKETING_VERSION = 1.0;
				PRODUCT_BUNDLE_IDENTIFIER = com.bisckoot.Hike;
				PRODUCT_NAME = "$(TARGET_NAME)";
				SWIFT_EMIT_LOC_STRINGS = YES;
				SWIFT_VERSION = 5.0;
				TARGETED_DEVICE_FAMILY = "1,2";
			};
			name = Release;
		};
/* End XCBuildConfiguration section */

/* Begin XCConfigurationList section */
		EED0A7912A55FFFF00B31622 /* Build configuration list for PBXProject "Hike" */ = {
			isa = XCConfigurationList;
			buildConfigurations = (
				EED0A7A22A56000000B31622 /* Debug */,
				EED0A7A32A56000000B31622 /* Release */,
			);
			defaultConfigurationIsVisible = 0;
			defaultConfigurationName = Release;
		};
		EED0A7A42A56000000B31622 /* Build configuration list for PBXNativeTarget "Hike" */ = {
			isa = XCConfigurationList;
			buildConfigurations = (
				EED0A7A52A56000000B31622 /* Debug */,
				EED0A7A62A56000000B31622 /* Release */,
			);
			defaultConfigurationIsVisible = 0;
			defaultConfigurationName = Release;
		};
/* End XCConfigurationList section */
	};
	rootObject = EED0A78E2A55FFFF00B31622 /* Project object */;
}
